
Microsoft Visual Studio Solution File, Format Version 12.00
# Visual Studio 2013
VisualStudioVersion = 12.0.40629.0
MinimumVisualStudioVersion = 10.0.40219.1
Project("{FAE04EC0-301F-11D3-BF4B-00C04F79EFBC}") = "GameSystem", "TexasHoldem\GameSystem.csproj", "{C25E63FF-8ADC-460D-922B-DC31F600828D}"
EndProject
Project("{FAE04EC0-301F-11D3-BF4B-00C04F79EFBC}") = "Gaming", "GamingLibrary\Gaming.csproj", "{2972ACE2-BF33-4F5F-990F-CA94DE288CD4}"
EndProject
Project("{FAE04EC0-301F-11D3-BF4B-00C04F79EFBC}") = "Logger", "Logger\Logger.csproj", "{34810670-13D7-4D6C-BE96-78C2382A793C}"
EndProject
Project("{FAE04EC0-301F-11D3-BF4B-00C04F79EFBC}") = "GameUtilities", "User\GameUtilities.csproj", "{EA8F8CE0-841A-433A-A6C5-24C4B359A14F}"
EndProject
Project("{2150E333-8FDC-42A3-9474-1A3956D46DE8}") = ".nuget", ".nuget", "{DA0E3656-AB32-4DCA-9DCC-399311FBC15A}"
	ProjectSection(SolutionItems) = preProject
		.nuget\packages.config = .nuget\packages.config
	EndProjectSection
EndProject
Project("{FAE04EC0-301F-11D3-BF4B-00C04F79EFBC}") = "GamingTests", "GamingTests\GamingTests.csproj", "{BD5FAAED-F8F1-4F8B-8847-56FF36B21F93}"
EndProject
Project("{FAE04EC0-301F-11D3-BF4B-00C04F79EFBC}") = "Services", "Services\Services.csproj", "{02B2AE82-1EEE-44AD-A748-D79EBEE90463}"
EndProject
Project("{FAE04EC0-301F-11D3-BF4B-00C04F79EFBC}") = "AT", "AT\AT.csproj", "{85BCA738-F7AA-4CB9-B85B-0EA392B70DE8}"
EndProject
Project("{FAE04EC0-301F-11D3-BF4B-00C04F79EFBC}") = "ServiceLayer", "ServiceLayer\ServiceLayer.csproj", "{5997B991-D27A-4CF4-9C9D-5119FD0DDB64}"
EndProject
Project("{FAE04EC0-301F-11D3-BF4B-00C04F79EFBC}") = "SystemTests", "SystemTests\SystemTests.csproj", "{79EE7E15-5E1F-4932-B7A6-87BF79F07938}"
EndProject
Global
	GlobalSection(SolutionConfigurationPlatforms) = preSolution
		Debug|Any CPU = Debug|Any CPU
		Release|Any CPU = Release|Any CPU
	EndGlobalSection
	GlobalSection(ProjectConfigurationPlatforms) = postSolution
		{C25E63FF-8ADC-460D-922B-DC31F600828D}.Debug|Any CPU.ActiveCfg = Debug|Any CPU
		{C25E63FF-8ADC-460D-922B-DC31F600828D}.Debug|Any CPU.Build.0 = Debug|Any CPU
		{C25E63FF-8ADC-460D-922B-DC31F600828D}.Release|Any CPU.ActiveCfg = Release|Any CPU
		{C25E63FF-8ADC-460D-922B-DC31F600828D}.Release|Any CPU.Build.0 = Release|Any CPU
		{2972ACE2-BF33-4F5F-990F-CA94DE288CD4}.Debug|Any CPU.ActiveCfg = Debug|Any CPU
		{2972ACE2-BF33-4F5F-990F-CA94DE288CD4}.Debug|Any CPU.Build.0 = Debug|Any CPU
		{2972ACE2-BF33-4F5F-990F-CA94DE288CD4}.Release|Any CPU.ActiveCfg = Release|Any CPU
		{2972ACE2-BF33-4F5F-990F-CA94DE288CD4}.Release|Any CPU.Build.0 = Release|Any CPU
		{34810670-13D7-4D6C-BE96-78C2382A793C}.Debug|Any CPU.ActiveCfg = Debug|Any CPU
		{34810670-13D7-4D6C-BE96-78C2382A793C}.Debug|Any CPU.Build.0 = Debug|Any CPU
		{34810670-13D7-4D6C-BE96-78C2382A793C}.Release|Any CPU.ActiveCfg = Release|Any CPU
		{34810670-13D7-4D6C-BE96-78C2382A793C}.Release|Any CPU.Build.0 = Release|Any CPU
		{EA8F8CE0-841A-433A-A6C5-24C4B359A14F}.Debug|Any CPU.ActiveCfg = Debug|Any CPU
		{EA8F8CE0-841A-433A-A6C5-24C4B359A14F}.Debug|Any CPU.Build.0 = Debug|Any CPU
		{EA8F8CE0-841A-433A-A6C5-24C4B359A14F}.Release|Any CPU.ActiveCfg = Release|Any CPU
		{EA8F8CE0-841A-433A-A6C5-24C4B359A14F}.Release|Any CPU.Build.0 = Release|Any CPU
		{BD5FAAED-F8F1-4F8B-8847-56FF36B21F93}.Debug|Any CPU.ActiveCfg = Debug|Any CPU
		{BD5FAAED-F8F1-4F8B-8847-56FF36B21F93}.Debug|Any CPU.Build.0 = Debug|Any CPU
		{BD5FAAED-F8F1-4F8B-8847-56FF36B21F93}.Release|Any CPU.ActiveCfg = Release|Any CPU
		{BD5FAAED-F8F1-4F8B-8847-56FF36B21F93}.Release|Any CPU.Build.0 = Release|Any CPU
		{02B2AE82-1EEE-44AD-A748-D79EBEE90463}.Debug|Any CPU.ActiveCfg = Debug|Any CPU
		{02B2AE82-1EEE-44AD-A748-D79EBEE90463}.Debug|Any CPU.Build.0 = Debug|Any CPU
		{02B2AE82-1EEE-44AD-A748-D79EBEE90463}.Release|Any CPU.ActiveCfg = Release|Any CPU
		{02B2AE82-1EEE-44AD-A748-D79EBEE90463}.Release|Any CPU.Build.0 = Release|Any CPU
		{85BCA738-F7AA-4CB9-B85B-0EA392B70DE8}.Debug|Any CPU.ActiveCfg = Debug|Any CPU
		{85BCA738-F7AA-4CB9-B85B-0EA392B70DE8}.Debug|Any CPU.Build.0 = Debug|Any CPU
		{85BCA738-F7AA-4CB9-B85B-0EA392B70DE8}.Release|Any CPU.ActiveCfg = Release|Any CPU
		{85BCA738-F7AA-4CB9-B85B-0EA392B70DE8}.Release|Any CPU.Build.0 = Release|Any CPU
		{5997B991-D27A-4CF4-9C9D-5119FD0DDB64}.Debug|Any CPU.ActiveCfg = Debug|Any CPU
		{5997B991-D27A-4CF4-9C9D-5119FD0DDB64}.Debug|Any CPU.Build.0 = Debug|Any CPU
		{5997B991-D27A-4CF4-9C9D-5119FD0DDB64}.Release|Any CPU.ActiveCfg = Release|Any CPU
		{5997B991-D27A-4CF4-9C9D-5119FD0DDB64}.Release|Any CPU.Build.0 = Release|Any CPU
		{79EE7E15-5E1F-4932-B7A6-87BF79F07938}.Debug|Any CPU.ActiveCfg = Debug|Any CPU
		{79EE7E15-5E1F-4932-B7A6-87BF79F07938}.Debug|Any CPU.Build.0 = Debug|Any CPU
		{79EE7E15-5E1F-4932-B7A6-87BF79F07938}.Release|Any CPU.ActiveCfg = Release|Any CPU
		{79EE7E15-5E1F-4932-B7A6-87BF79F07938}.Release|Any CPU.Build.0 = Release|Any CPU
	EndGlobalSection
	GlobalSection(SolutionProperties) = preSolution
		HideSolutionNode = FALSE
	EndGlobalSection
EndGlobal
